// !$*UTF8*$!
{
	archiveVersion = 1;
	classes = {
	};
	objectVersion = 56;
	objects = {

/* Begin PBXBuildFile section */
		50494B012B912D5700C13345 /* CoffeeAppApp.swift in Sources */ = {isa = PBXBuildFile; fileRef = 50494B002B912D5700C13345 /* CoffeeAppApp.swift */; };
		50494B032B912D5700C13345 /* ContentView.swift in Sources */ = {isa = PBXBuildFile; fileRef = 50494B022B912D5700C13345 /* ContentView.swift */; };
		50494B052B912D5900C13345 /* Assets.xcassets in Resources */ = {isa = PBXBuildFile; fileRef = 50494B042B912D5900C13345 /* Assets.xcassets */; };
		50494B082B912D5900C13345 /* Preview Assets.xcassets in Resources */ = {isa = PBXBuildFile; fileRef = 50494B072B912D5900C13345 /* Preview Assets.xcassets */; };
		50494B122B912D5900C13345 /* CoffeeAppTests.swift in Sources */ = {isa = PBXBuildFile; fileRef = 50494B112B912D5900C13345 /* CoffeeAppTests.swift */; };
		50494B1C2B912D5900C13345 /* CoffeeAppUITests.swift in Sources */ = {isa = PBXBuildFile; fileRef = 50494B1B2B912D5900C13345 /* CoffeeAppUITests.swift */; };
		50494B1E2B912D5900C13345 /* CoffeeAppUITestsLaunchTests.swift in Sources */ = {isa = PBXBuildFile; fileRef = 50494B1D2B912D5900C13345 /* CoffeeAppUITestsLaunchTests.swift */; };
		50494B2E2B9430B700C13345 /* Coffee.swift in Sources */ = {isa = PBXBuildFile; fileRef = 50494B2D2B9430B600C13345 /* Coffee.swift */; };
		50494B342B95849D00C13345 /* Homepage.swift in Sources */ = {isa = PBXBuildFile; fileRef = 50494B332B95849D00C13345 /* Homepage.swift */; };
		50494B362B95865500C13345 /* CoffeeView.swift in Sources */ = {isa = PBXBuildFile; fileRef = 50494B352B95865500C13345 /* CoffeeView.swift */; };
/* End PBXBuildFile section */

/* Begin PBXContainerItemProxy section */
		50494B0E2B912D5900C13345 /* PBXContainerItemProxy */ = {
			isa = PBXContainerItemProxy;
			containerPortal = 50494AF52B912D5700C13345 /* Project object */;
			proxyType = 1;
			remoteGlobalIDString = 50494AFC2B912D5700C13345;
			remoteInfo = CoffeeApp;
		};
		50494B182B912D5900C13345 /* PBXContainerItemProxy */ = {
			isa = PBXContainerItemProxy;
			containerPortal = 50494AF52B912D5700C13345 /* Project object */;
			proxyType = 1;
			remoteGlobalIDString = 50494AFC2B912D5700C13345;
			remoteInfo = CoffeeApp;
		};
/* End PBXContainerItemProxy section */

/* Begin PBXFileReference section */
		50494AFD2B912D5700C13345 /* CoffeeApp.app */ = {isa = PBXFileReference; explicitFileType = wrapper.application; includeInIndex = 0; path = CoffeeApp.app; sourceTree = BUILT_PRODUCTS_DIR; };
		50494B002B912D5700C13345 /* CoffeeAppApp.swift */ = {isa = PBXFileReference; lastKnownFileType = sourcecode.swift; path = CoffeeAppApp.swift; sourceTree = "<group>"; };
		50494B022B912D5700C13345 /* ContentView.swift */ = {isa = PBXFileReference; lastKnownFileType = sourcecode.swift; path = ContentView.swift; sourceTree = "<group>"; };
		50494B042B912D5900C13345 /* Assets.xcassets */ = {isa = PBXFileReference; lastKnownFileType = folder.assetcatalog; path = Assets.xcassets; sourceTree = "<group>"; };
		50494B072B912D5900C13345 /* Preview Assets.xcassets */ = {isa = PBXFileReference; lastKnownFileType = folder.assetcatalog; path = "Preview Assets.xcassets"; sourceTree = "<group>"; };
		50494B0D2B912D5900C13345 /* CoffeeAppTests.xctest */ = {isa = PBXFileReference; explicitFileType = wrapper.cfbundle; includeInIndex = 0; path = CoffeeAppTests.xctest; sourceTree = BUILT_PRODUCTS_DIR; };
		50494B112B912D5900C13345 /* CoffeeAppTests.swift */ = {isa = PBXFileReference; lastKnownFileType = sourcecode.swift; path = CoffeeAppTests.swift; sourceTree = "<group>"; };
		50494B172B912D5900C13345 /* CoffeeAppUITests.xctest */ = {isa = PBXFileReference; explicitFileType = wrapper.cfbundle; includeInIndex = 0; path = CoffeeAppUITests.xctest; sourceTree = BUILT_PRODUCTS_DIR; };
		50494B1B2B912D5900C13345 /* CoffeeAppUITests.swift */ = {isa = PBXFileReference; lastKnownFileType = sourcecode.swift; path = CoffeeAppUITests.swift; sourceTree = "<group>"; };
		50494B1D2B912D5900C13345 /* CoffeeAppUITestsLaunchTests.swift */ = {isa = PBXFileReference; lastKnownFileType = sourcecode.swift; path = CoffeeAppUITestsLaunchTests.swift; sourceTree = "<group>"; };
		50494B2D2B9430B600C13345 /* Coffee.swift */ = {isa = PBXFileReference; lastKnownFileType = sourcecode.swift; path = Coffee.swift; sourceTree = "<group>"; };
		50494B332B95849D00C13345 /* Homepage.swift */ = {isa = PBXFileReference; lastKnownFileType = sourcecode.swift; path = Homepage.swift; sourceTree = "<group>"; };
		50494B352B95865500C13345 /* CoffeeView.swift */ = {isa = PBXFileReference; lastKnownFileType = sourcecode.swift; path = CoffeeView.swift; sourceTree = "<group>"; };
/* End PBXFileReference section */

/* Begin PBXFrameworksBuildPhase section */
		50494AFA2B912D5700C13345 /* Frameworks */ = {
			isa = PBXFrameworksBuildPhase;
			buildActionMask = 2147483647;
			files = (
			);
			runOnlyForDeploymentPostprocessing = 0;
		};
		50494B0A2B912D5900C13345 /* Frameworks */ = {
			isa = PBXFrameworksBuildPhase;
			buildActionMask = 2147483647;
			files = (
			);
			runOnlyForDeploymentPostprocessing = 0;
		};
		50494B142B912D5900C13345 /* Frameworks */ = {
			isa = PBXFrameworksBuildPhase;
			buildActionMask = 2147483647;
			files = (
			);
			runOnlyForDeploymentPostprocessing = 0;
		};
/* End PBXFrameworksBuildPhase section */

/* Begin PBXGroup section */
		50494AF42B912D5700C13345 = {
			isa = PBXGroup;
			children = (
				50494AFF2B912D5700C13345 /* CoffeeApp */,
				50494B102B912D5900C13345 /* CoffeeAppTests */,
				50494B1A2B912D5900C13345 /* CoffeeAppUITests */,
				50494AFE2B912D5700C13345 /* Products */,
			);
			sourceTree = "<group>";
		};
		50494AFE2B912D5700C13345 /* Products */ = {
			isa = PBXGroup;
			children = (
				50494AFD2B912D5700C13345 /* CoffeeApp.app */,
				50494B0D2B912D5900C13345 /* CoffeeAppTests.xctest */,
				50494B172B912D5900C13345 /* CoffeeAppUITests.xctest */,
			);
			name = Products;
			sourceTree = "<group>";
		};
		50494AFF2B912D5700C13345 /* CoffeeApp */ = {
			isa = PBXGroup;
			children = (
				50494B2C2B94309300C13345 /* Controller */,
				50494B2B2B94306C00C13345 /* View */,
				50494B2A2B94306400C13345 /* Model */,
				50494B002B912D5700C13345 /* CoffeeAppApp.swift */,
				50494B022B912D5700C13345 /* ContentView.swift */,
				50494B042B912D5900C13345 /* Assets.xcassets */,
				50494B062B912D5900C13345 /* Preview Content */,
			);
			path = CoffeeApp;
			sourceTree = "<group>";
		};
		50494B062B912D5900C13345 /* Preview Content */ = {
			isa = PBXGroup;
			children = (
				50494B072B912D5900C13345 /* Preview Assets.xcassets */,
			);
			path = "Preview Content";
			sourceTree = "<group>";
		};
		50494B102B912D5900C13345 /* CoffeeAppTests */ = {
			isa = PBXGroup;
			children = (
				50494B112B912D5900C13345 /* CoffeeAppTests.swift */,
			);
			path = CoffeeAppTests;
			sourceTree = "<group>";
		};
		50494B1A2B912D5900C13345 /* CoffeeAppUITests */ = {
			isa = PBXGroup;
			children = (
				50494B1B2B912D5900C13345 /* CoffeeAppUITests.swift */,
				50494B1D2B912D5900C13345 /* CoffeeAppUITestsLaunchTests.swift */,
			);
			path = CoffeeAppUITests;
			sourceTree = "<group>";
		};
		50494B2A2B94306400C13345 /* Model */ = {
			isa = PBXGroup;
			children = (
				50494B2D2B9430B600C13345 /* Coffee.swift */,
			);
			path = Model;
			sourceTree = "<group>";
		};
		50494B2B2B94306C00C13345 /* View */ = {
			isa = PBXGroup;
			children = (
				50494B332B95849D00C13345 /* Homepage.swift */,
				50494B352B95865500C13345 /* CoffeeView.swift */,
			);
			path = View;
			sourceTree = "<group>";
		};
		50494B2C2B94309300C13345 /* Controller */ = {
			isa = PBXGroup;
			children = (
			);
			path = Controller;
			sourceTree = "<group>";
		};
/* End PBXGroup section */

/* Begin PBXNativeTarget section */
		50494AFC2B912D5700C13345 /* CoffeeApp */ = {
			isa = PBXNativeTarget;
			buildConfigurationList = 50494B212B912D5900C13345 /* Build configuration list for PBXNativeTarget "CoffeeApp" */;
			buildPhases = (
				50494AF92B912D5700C13345 /* Sources */,
				50494AFA2B912D5700C13345 /* Frameworks */,
				50494AFB2B912D5700C13345 /* Resources */,
			);
			buildRules = (
			);
			dependencies = (
			);
			name = CoffeeApp;
			productName = CoffeeApp;
			productReference = 50494AFD2B912D5700C13345 /* CoffeeApp.app */;
			productType = "com.apple.product-type.application";
		};
		50494B0C2B912D5900C13345 /* CoffeeAppTests */ = {
			isa = PBXNativeTarget;
			buildConfigurationList = 50494B242B912D5900C13345 /* Build configuration list for PBXNativeTarget "CoffeeAppTests" */;
			buildPhases = (
				50494B092B912D5900C13345 /* Sources */,
				50494B0A2B912D5900C13345 /* Frameworks */,
				50494B0B2B912D5900C13345 /* Resources */,
			);
			buildRules = (
			);
			dependencies = (
				50494B0F2B912D5900C13345 /* PBXTargetDependency */,
			);
			name = CoffeeAppTests;
			productName = CoffeeAppTests;
			productReference = 50494B0D2B912D5900C13345 /* CoffeeAppTests.xctest */;
			productType = "com.apple.product-type.bundle.unit-test";
		};
		50494B162B912D5900C13345 /* CoffeeAppUITests */ = {
			isa = PBXNativeTarget;
			buildConfigurationList = 50494B272B912D5900C13345 /* Build configuration list for PBXNativeTarget "CoffeeAppUITests" */;
			buildPhases = (
				50494B132B912D5900C13345 /* Sources */,
				50494B142B912D5900C13345 /* Frameworks */,
				50494B152B912D5900C13345 /* Resources */,
			);
			buildRules = (
			);
			dependencies = (
				50494B192B912D5900C13345 /* PBXTargetDependency */,
			);
			name = CoffeeAppUITests;
			productName = CoffeeAppUITests;
			productReference = 50494B172B912D5900C13345 /* CoffeeAppUITests.xctest */;
			productType = "com.apple.product-type.bundle.ui-testing";
		};
/* End PBXNativeTarget section */

/* Begin PBXProject section */
		50494AF52B912D5700C13345 /* Project object */ = {
			isa = PBXProject;
			attributes = {
				BuildIndependentTargetsInParallel = 1;
				LastSwiftUpdateCheck = 1510;
				LastUpgradeCheck = 1510;
				TargetAttributes = {
					50494AFC2B912D5700C13345 = {
						CreatedOnToolsVersion = 15.1;
					};
					50494B0C2B912D5900C13345 = {
						CreatedOnToolsVersion = 15.1;
						TestTargetID = 50494AFC2B912D5700C13345;
					};
					50494B162B912D5900C13345 = {
						CreatedOnToolsVersion = 15.1;
						TestTargetID = 50494AFC2B912D5700C13345;
					};
				};
			};
			buildConfigurationList = 50494AF82B912D5700C13345 /* Build configuration list for PBXProject "CoffeeApp" */;
			compatibilityVersion = "Xcode 14.0";
			developmentRegion = en;
			hasScannedForEncodings = 0;
			knownRegions = (
				en,
				Base,
			);
			mainGroup = 50494AF42B912D5700C13345;
			productRefGroup = 50494AFE2B912D5700C13345 /* Products */;
			projectDirPath = "";
			projectRoot = "";
			targets = (
				50494AFC2B912D5700C13345 /* CoffeeApp */,
				50494B0C2B912D5900C13345 /* CoffeeAppTests */,
				50494B162B912D5900C13345 /* CoffeeAppUITests */,
			);
		};
/* End PBXProject section */

/* Begin PBXResourcesBuildPhase section */
		50494AFB2B912D5700C13345 /* Resources */ = {
			isa = PBXResourcesBuildPhase;
			buildActionMask = 2147483647;
			files = (
				50494B082B912D5900C13345 /* Preview Assets.xcassets in Resources */,
				50494B052B912D5900C13345 /* Assets.xcassets in Resources */,
			);
			runOnlyForDeploymentPostprocessing = 0;
		};
		50494B0B2B912D5900C13345 /* Resources */ = {
			isa = PBXResourcesBuildPhase;
			buildActionMask = 2147483647;
			files = (
			);
			runOnlyForDeploymentPostprocessing = 0;
		};
		50494B152B912D5900C13345 /* Resources */ = {
			isa = PBXResourcesBuildPhase;
			buildActionMask = 2147483647;
			files = (
			);
			runOnlyForDeploymentPostprocessing = 0;
		};
/* End PBXResourcesBuildPhase section */

/* Begin PBXSourcesBuildPhase section */
		50494AF92B912D5700C13345 /* Sources */ = {
			isa = PBXSourcesBuildPhase;
			buildActionMask = 2147483647;
			files = (
				50494B032B912D5700C13345 /* ContentView.swift in Sources */,
				50494B012B912D5700C13345 /* CoffeeAppApp.swift in Sources */,
				50494B2E2B9430B700C13345 /* Coffee.swift in Sources */,
				50494B342B95849D00C13345 /* Homepage.swift in Sources */,
				50494B362B95865500C13345 /* CoffeeView.swift in Sources */,
			);
			runOnlyForDeploymentPostprocessing = 0;
		};
		50494B092B912D5900C13345 /* Sources */ = {
			isa = PBXSourcesBuildPhase;
			buildActionMask = 2147483647;
			files = (
				50494B122B912D5900C13345 /* CoffeeAppTests.swift in Sources */,
			);
			runOnlyForDeploymentPostprocessing = 0;
		};
		50494B132B912D5900C13345 /* Sources */ = {
			isa = PBXSourcesBuildPhase;
			buildActionMask = 2147483647;
			files = (
				50494B1E2B912D5900C13345 /* CoffeeAppUITestsLaunchTests.swift in Sources */,
				50494B1C2B912D5900C13345 /* CoffeeAppUITests.swift in Sources */,
			);
			runOnlyForDeploymentPostprocessing = 0;
		};
/* End PBXSourcesBuildPhase section */

/* Begin PBXTargetDependency section */
		50494B0F2B912D5900C13345 /* PBXTargetDependency */ = {
			isa = PBXTargetDependency;
			target = 50494AFC2B912D5700C13345 /* CoffeeApp */;
			targetProxy = 50494B0E2B912D5900C13345 /* PBXContainerItemProxy */;
		};
		50494B192B912D5900C13345 /* PBXTargetDependency */ = {
			isa = PBXTargetDependency;
			target = 50494AFC2B912D5700C13345 /* CoffeeApp */;
			targetProxy = 50494B182B912D5900C13345 /* PBXContainerItemProxy */;
		};
/* End PBXTargetDependency section */

/* Begin XCBuildConfiguration section */
		50494B1F2B912D5900C13345 /* Debug */ = {
			isa = XCBuildConfiguration;
			buildSettings = {
				ALWAYS_SEARCH_USER_PATHS = NO;
				ASSETCATALOG_COMPILER_GENERATE_SWIFT_ASSET_SYMBOL_EXTENSIONS = YES;
				CLANG_ANALYZER_NONNULL = YES;
				CLANG_ANALYZER_NUMBER_OBJECT_CONVERSION = YES_AGGRESSIVE;
				CLANG_CXX_LANGUAGE_STANDARD = "gnu++20";
				CLANG_ENABLE_MODULES = YES;
				CLANG_ENABLE_OBJC_ARC = YES;
				CLANG_ENABLE_OBJC_WEAK = YES;
				CLANG_WARN_BLOCK_CAPTURE_AUTORELEASING = YES;
				CLANG_WARN_BOOL_CONVERSION = YES;
				CLANG_WARN_COMMA = YES;
				CLANG_WARN_CONSTANT_CONVERSION = YES;
				CLANG_WARN_DEPRECATED_OBJC_IMPLEMENTATIONS = YES;
				CLANG_WARN_DIRECT_OBJC_ISA_USAGE = YES_ERROR;
				CLANG_WARN_DOCUMENTATION_COMMENTS = YES;
				CLANG_WARN_EMPTY_BODY = YES;
				CLANG_WARN_ENUM_CONVERSION = YES;
				CLANG_WARN_INFINITE_RECURSION = YES;
				CLANG_WARN_INT_CONVERSION = YES;
				CLANG_WARN_NON_LITERAL_NULL_CONVERSION = YES;
				CLANG_WARN_OBJC_IMPLICIT_RETAIN_SELF = YES;
				CLANG_WARN_OBJC_LITERAL_CONVERSION = YES;
				CLANG_WARN_OBJC_ROOT_CLASS = YES_ERROR;
				CLANG_WARN_QUOTED_INCLUDE_IN_FRAMEWORK_HEADER = YES;
				CLANG_WARN_RANGE_LOOP_ANALYSIS = YES;
				CLANG_WARN_STRICT_PROTOTYPES = YES;
				CLANG_WARN_SUSPICIOUS_MOVE = YES;
				CLANG_WARN_UNGUARDED_AVAILABILITY = YES_AGGRESSIVE;
				CLANG_WARN_UNREACHABLE_CODE = YES;
				CLANG_WARN__DUPLICATE_METHOD_MATCH = YES;
				COPY_PHASE_STRIP = NO;
				DEBUG_INFORMATION_FORMAT = dwarf;
				ENABLE_STRICT_OBJC_MSGSEND = YES;
				ENABLE_TESTABILITY = YES;
				ENABLE_USER_SCRIPT_SANDBOXING = YES;
				GCC_C_LANGUAGE_STANDARD = gnu17;
				GCC_DYNAMIC_NO_PIC = NO;
				GCC_NO_COMMON_BLOCKS = YES;
				GCC_OPTIMIZATION_LEVEL = 0;
				GCC_PREPROCESSOR_DEFINITIONS = (
					"DEBUG=1",
					"$(inherited)",
				);
				GCC_WARN_64_TO_32_BIT_CONVERSION = YES;
				GCC_WARN_ABOUT_RETURN_TYPE = YES_ERROR;
				GCC_WARN_UNDECLARED_SELECTOR = YES;
				GCC_WARN_UNINITIALIZED_AUTOS = YES_AGGRESSIVE;
				GCC_WARN_UNUSED_FUNCTION = YES;
				GCC_WARN_UNUSED_VARIABLE = YES;
				IPHONEOS_DEPLOYMENT_TARGET = 17.2;
				LOCALIZATION_PREFERS_STRING_CATALOGS = YES;
				MTL_ENABLE_DEBUG_INFO = INCLUDE_SOURCE;
				MTL_FAST_MATH = YES;
				ONLY_ACTIVE_ARCH = YES;
				SDKROOT = iphoneos;
				SWIFT_ACTIVE_COMPILATION_CONDITIONS = "DEBUG $(inherited)";
				SWIFT_OPTIMIZATION_LEVEL = "-Onone";
			};
			name = Debug;
		};
		50494B202B912D5900C13345 /* Release */ = {
			isa = XCBuildConfiguration;
			buildSettings = {
				ALWAYS_SEARCH_USER_PATHS = NO;
				ASSETCATALOG_COMPILER_GENERATE_SWIFT_ASSET_SYMBOL_EXTENSIONS = YES;
				CLANG_ANALYZER_NONNULL = YES;
				CLANG_ANALYZER_NUMBER_OBJECT_CONVERSION = YES_AGGRESSIVE;
				CLANG_CXX_LANGUAGE_STANDARD = "gnu++20";
				CLANG_ENABLE_MODULES = YES;
				CLANG_ENABLE_OBJC_ARC = YES;
				CLANG_ENABLE_OBJC_WEAK = YES;
				CLANG_WARN_BLOCK_CAPTURE_AUTORELEASING = YES;
				CLANG_WARN_BOOL_CONVERSION = YES;
				CLANG_WARN_COMMA = YES;
				CLANG_WARN_CONSTANT_CONVERSION = YES;
				CLANG_WARN_DEPRECATED_OBJC_IMPLEMENTATIONS = YES;
				CLANG_WARN_DIRECT_OBJC_ISA_USAGE = YES_ERROR;
				CLANG_WARN_DOCUMENTATION_COMMENTS = YES;
				CLANG_WARN_EMPTY_BODY = YES;
				CLANG_WARN_ENUM_CONVERSION = YES;
				CLANG_WARN_INFINITE_RECURSION = YES;
				CLANG_WARN_INT_CONVERSION = YES;
				CLANG_WARN_NON_LITERAL_NULL_CONVERSION = YES;
				CLANG_WARN_OBJC_IMPLICIT_RETAIN_SELF = YES;
				CLANG_WARN_OBJC_LITERAL_CONVERSION = YES;
				CLANG_WARN_OBJC_ROOT_CLASS = YES_ERROR;
				CLANG_WARN_QUOTED_INCLUDE_IN_FRAMEWORK_HEADER = YES;
				CLANG_WARN_RANGE_LOOP_ANALYSIS = YES;
				CLANG_WARN_STRICT_PROTOTYPES = YES;
				CLANG_WARN_SUSPICIOUS_MOVE = YES;
				CLANG_WARN_UNGUARDED_AVAILABILITY = YES_AGGRESSIVE;
				CLANG_WARN_UNREACHABLE_CODE = YES;
				CLANG_WARN__DUPLICATE_METHOD_MATCH = YES;
				COPY_PHASE_STRIP = NO;
				DEBUG_INFORMATION_FORMAT = "dwarf-with-dsym";
				ENABLE_NS_ASSERTIONS = NO;
				ENABLE_STRICT_OBJC_MSGSEND = YES;
				ENABLE_USER_SCRIPT_SANDBOXING = YES;
				GCC_C_LANGUAGE_STANDARD = gnu17;
				GCC_NO_COMMON_BLOCKS = YES;
				GCC_WARN_64_TO_32_BIT_CONVERSION = YES;
				GCC_WARN_ABOUT_RETURN_TYPE = YES_ERROR;
				GCC_WARN_UNDECLARED_SELECTOR = YES;
				GCC_WARN_UNINITIALIZED_AUTOS = YES_AGGRESSIVE;
				GCC_WARN_UNUSED_FUNCTION = YES;
				GCC_WARN_UNUSED_VARIABLE = YES;
				IPHONEOS_DEPLOYMENT_TARGET = 17.2;
				LOCALIZATION_PREFERS_STRING_CATALOGS = YES;
				MTL_ENABLE_DEBUG_INFO = NO;
				MTL_FAST_MATH = YES;
				SDKROOT = iphoneos;
				SWIFT_COMPILATION_MODE = wholemodule;
				VALIDATE_PRODUCT = YES;
			};
			name = Release;
		};
		50494B222B912D5900C13345 /* Debug */ = {
			isa = XCBuildConfiguration;
			buildSettings = {
				ASSETCATALOG_COMPILER_APPICON_NAME = AppIcon;
				ASSETCATALOG_COMPILER_GLOBAL_ACCENT_COLOR_NAME = AccentColor;
				CODE_SIGN_STYLE = Automatic;
				CURRENT_PROJECT_VERSION = 1;
				DEVELOPMENT_ASSET_PATHS = "\"CoffeeApp/Preview Content\"";
				DEVELOPMENT_TEAM = 827JZHP663;
				ENABLE_PREVIEWS = YES;
				GENERATE_INFOPLIST_FILE = YES;
				INFOPLIST_KEY_UIApplicationSceneManifest_Generation = YES;
				INFOPLIST_KEY_UIApplicationSupportsIndirectInputEvents = YES;
				INFOPLIST_KEY_UILaunchScreen_Generation = YES;
				INFOPLIST_KEY_UISupportedInterfaceOrientations_iPad = "UIInterfaceOrientationPortrait UIInterfaceOrientationPortraitUpsideDown UIInterfaceOrientationLandscapeLeft UIInterfaceOrientationLandscapeRight";
				INFOPLIST_KEY_UISupportedInterfaceOrientations_iPhone = "UIInterfaceOrientationPortrait UIInterfaceOrientationLandscapeLeft UIInterfaceOrientationLandscapeRight";
				LD_RUNPATH_SEARCH_PATHS = (
					"$(inherited)",
					"@executable_path/Frameworks",
				);
				MARKETING_VERSION = 1.0;
				PRODUCT_BUNDLE_IDENTIFIER = com.gbc.CoffeeApp;
				PRODUCT_NAME = "$(TARGET_NAME)";
				SWIFT_EMIT_LOC_STRINGS = YES;
				SWIFT_VERSION = 5.0;
				TARGETED_DEVICE_FAMILY = "1,2";
			};
			name = Debug;
		};
		50494B232B912D5900C13345 /* Release */ = {
			isa = XCBuildConfiguration;
			buildSettings = {
				ASSETCATALOG_COMPILER_APPICON_NAME = AppIcon;
				ASSETCATALOG_COMPILER_GLOBAL_ACCENT_COLOR_NAME = AccentColor;
				CODE_SIGN_STYLE = Automatic;
				CURRENT_PROJECT_VERSION = 1;
				DEVELOPMENT_ASSET_PATHS = "\"CoffeeApp/Preview Content\"";
				DEVELOPMENT_TEAM = 827JZHP663;
				ENABLE_PREVIEWS = YES;
				GENERATE_INFOPLIST_FILE = YES;
				INFOPLIST_KEY_UIApplicationSceneManifest_Generation = YES;
				INFOPLIST_KEY_UIApplicationSupportsIndirectInputEvents = YES;
				INFOPLIST_KEY_UILaunchScreen_Generation = YES;
				INFOPLIST_KEY_UISupportedInterfaceOrientations_iPad = "UIInterfaceOrientationPortrait UIInterfaceOrientationPortraitUpsideDown UIInterfaceOrientationLandscapeLeft UIInterfaceOrientationLandscapeRight";
				INFOPLIST_KEY_UISupportedInterfaceOrientations_iPhone = "UIInterfaceOrientationPortrait UIInterfaceOrientationLandscapeLeft UIInterfaceOrientationLandscapeRight";
				LD_RUNPATH_SEARCH_PATHS = (
					"$(inherited)",
					"@executable_path/Frameworks",
				);
				MARKETING_VERSION = 1.0;
				PRODUCT_BUNDLE_IDENTIFIER = com.gbc.CoffeeApp;
				PRODUCT_NAME = "$(TARGET_NAME)";
				SWIFT_EMIT_LOC_STRINGS = YES;
				SWIFT_VERSION = 5.0;
				TARGETED_DEVICE_FAMILY = "1,2";
			};
			name = Release;
		};
		50494B252B912D5900C13345 /* Debug */ = {
			isa = XCBuildConfiguration;
			buildSettings = {
				ALWAYS_EMBED_SWIFT_STANDARD_LIBRARIES = YES;
				BUNDLE_LOADER = "$(TEST_HOST)";
				CODE_SIGN_STYLE = Automatic;
				CURRENT_PROJECT_VERSION = 1;
				DEVELOPMENT_TEAM = 827JZHP663;
				GENERATE_INFOPLIST_FILE = YES;
				IPHONEOS_DEPLOYMENT_TARGET = 17.2;
				MARKETING_VERSION = 1.0;
				PRODUCT_BUNDLE_IDENTIFIER = com.gbc.CoffeeAppTests;
				PRODUCT_NAME = "$(TARGET_NAME)";
				SWIFT_EMIT_LOC_STRINGS = NO;
				SWIFT_VERSION = 5.0;
				TARGETED_DEVICE_FAMILY = "1,2";
				TEST_HOST = "$(BUILT_PRODUCTS_DIR)/CoffeeApp.app/$(BUNDLE_EXECUTABLE_FOLDER_PATH)/CoffeeApp";
			};
			name = Debug;
		};
		50494B262B912D5900C13345 /* Release */ = {
			isa = XCBuildConfiguration;
			buildSettings = {
				ALWAYS_EMBED_SWIFT_STANDARD_LIBRARIES = YES;
				BUNDLE_LOADER = "$(TEST_HOST)";
				CODE_SIGN_STYLE = Automatic;
				CURRENT_PROJECT_VERSION = 1;
				DEVELOPMENT_TEAM = 827JZHP663;
				GENERATE_INFOPLIST_FILE = YES;
				IPHONEOS_DEPLOYMENT_TARGET = 17.2;
				MARKETING_VERSION = 1.0;
				PRODUCT_BUNDLE_IDENTIFIER = com.gbc.CoffeeAppTests;
				PRODUCT_NAME = "$(TARGET_NAME)";
				SWIFT_EMIT_LOC_STRINGS = NO;
				SWIFT_VERSION = 5.0;
				TARGETED_DEVICE_FAMILY = "1,2";
				TEST_HOST = "$(BUILT_PRODUCTS_DIR)/CoffeeApp.app/$(BUNDLE_EXECUTABLE_FOLDER_PATH)/CoffeeApp";
			};
			name = Release;
		};
		50494B282B912D5900C13345 /* Debug */ = {
			isa = XCBuildConfiguration;
			buildSettings = {
				ALWAYS_EMBED_SWIFT_STANDARD_LIBRARIES = YES;
				CODE_SIGN_STYLE = Automatic;
				CURRENT_PROJECT_VERSION = 1;
				DEVELOPMENT_TEAM = 827JZHP663;
				GENERATE_INFOPLIST_FILE = YES;
				MARKETING_VERSION = 1.0;
				PRODUCT_BUNDLE_IDENTIFIER = com.gbc.CoffeeAppUITests;
				PRODUCT_NAME = "$(TARGET_NAME)";
				SWIFT_EMIT_LOC_STRINGS = NO;
				SWIFT_VERSION = 5.0;
				TARGETED_DEVICE_FAMILY = "1,2";
				TEST_TARGET_NAME = CoffeeApp;
			};
			name = Debug;
		};
		50494B292B912D5900C13345 /* Release */ = {
			isa = XCBuildConfiguration;
			buildSettings = {
				ALWAYS_EMBED_SWIFT_STANDARD_LIBRARIES = YES;
				CODE_SIGN_STYLE = Automatic;
				CURRENT_PROJECT_VERSION = 1;
				DEVELOPMENT_TEAM = 827JZHP663;
				GENERATE_INFOPLIST_FILE = YES;
				MARKETING_VERSION = 1.0;
				PRODUCT_BUNDLE_IDENTIFIER = com.gbc.CoffeeAppUITests;
				PRODUCT_NAME = "$(TARGET_NAME)";
				SWIFT_EMIT_LOC_STRINGS = NO;
				SWIFT_VERSION = 5.0;
				TARGETED_DEVICE_FAMILY = "1,2";
				TEST_TARGET_NAME = CoffeeApp;
			};
			name = Release;
		};
/* End XCBuildConfiguration section */

/* Begin XCConfigurationList section */
		50494AF82B912D5700C13345 /* Build configuration list for PBXProject "CoffeeApp" */ = {
			isa = XCConfigurationList;
			buildConfigurations = (
				50494B1F2B912D5900C13345 /* Debug */,
				50494B202B912D5900C13345 /* Release */,
			);
			defaultConfigurationIsVisible = 0;
			defaultConfigurationName = Release;
		};
		50494B212B912D5900C13345 /* Build configuration list for PBXNativeTarget "CoffeeApp" */ = {
			isa = XCConfigurationList;
			buildConfigurations = (
				50494B222B912D5900C13345 /* Debug */,
				50494B232B912D5900C13345 /* Release */,
			);
			defaultConfigurationIsVisible = 0;
			defaultConfigurationName = Release;
		};
		50494B242B912D5900C13345 /* Build configuration list for PBXNativeTarget "CoffeeAppTests" */ = {
			isa = XCConfigurationList;
			buildConfigurations = (
				50494B252B912D5900C13345 /* Debug */,
				50494B262B912D5900C13345 /* Release */,
			);
			defaultConfigurationIsVisible = 0;
			defaultConfigurationName = Release;
		};
		50494B272B912D5900C13345 /* Build configuration list for PBXNativeTarget "CoffeeAppUITests" */ = {
			isa = XCConfigurationList;
			buildConfigurations = (
				50494B282B912D5900C13345 /* Debug */,
				50494B292B912D5900C13345 /* Release */,
			);
			defaultConfigurationIsVisible = 0;
			defaultConfigurationName = Release;
		};
/* End XCConfigurationList section */
	};
	rootObject = 50494AF52B912D5700C13345 /* Project object */;
}
